{
  "object": {
    "pins": [
      {
        "package": "CommandLineKit",
        "repositoryURL": "https://github.com/pvieito/CommandLineKit.git",
        "state": {
          "branch": "master",
          "revision": "e804cef1719bf410373a06d14d4b9d0b0c456753",
          "version": null
        }
      },
      {
        "package": "LoggerKit",
        "repositoryURL": "https://github.com/pvieito/LoggerKit.git",
        "state": {
          "branch": "master",
          "revision": "6029a7265e08b1ecb92d968b1502de96e26d95e8",
          "version": null
        }
      },
      {
        "package": "PythonKit",
        "repositoryURL": "https://github.com/pvieito/PythonKit",
        "state": {
          "branch": "master",
          "revision": "7aec79aeceb95e18c0e77d07b3cbc27eb77b7a24",
          "version": null
        }
      }
    ]
  },
  "version": 1
}
