// !$*UTF8*$!
{
	archiveVersion = 1;
	classes = {
	};
	objectVersion = 52;
	objects = {

/* Begin PBXBuildFile section */
		225469E223E3706C00BC79E0 /* AppDelegate.swift in Sources */ = {isa = PBXBuildFile; fileRef = 225469E123E3706C00BC79E0 /* AppDelegate.swift */; };
		225469E423E3706C00BC79E0 /* SceneDelegate.swift in Sources */ = {isa = PBXBuildFile; fileRef = 225469E323E3706C00BC79E0 /* SceneDelegate.swift */; };
		225469E623E3706C00BC79E0 /* ViewController.swift in Sources */ = {isa = PBXBuildFile; fileRef = 225469E523E3706C00BC79E0 /* ViewController.swift */; };
		225469E923E3706C00BC79E0 /* Main.storyboard in Resources */ = {isa = PBXBuildFile; fileRef = 225469E723E3706C00BC79E0 /* Main.storyboard */; };
		225469EB23E3707200BC79E0 /* Assets.xcassets in Resources */ = {isa = PBXBuildFile; fileRef = 225469EA23E3707200BC79E0 /* Assets.xcassets */; };
		225469EE23E3707200BC79E0 /* LaunchScreen.storyboard in Resources */ = {isa = PBXBuildFile; fileRef = 225469EC23E3707200BC79E0 /* LaunchScreen.storyboard */; };
		225469F723E3736600BC79E0 /* PythonKit in Frameworks */ = {isa = PBXBuildFile; productRef = 225469F623E3736600BC79E0 /* PythonKit */; };
/* End PBXBuildFile section */

/* Begin PBXFileReference section */
		225469DE23E3706C00BC79E0 /* SwiftPython.app */ = {isa = PBXFileReference; explicitFileType = wrapper.application; includeInIndex = 0; path = SwiftPython.app; sourceTree = BUILT_PRODUCTS_DIR; };
		225469E123E3706C00BC79E0 /* AppDelegate.swift */ = {isa = PBXFileReference; lastKnownFileType = sourcecode.swift; path = AppDelegate.swift; sourceTree = "<group>"; };
		225469E323E3706C00BC79E0 /* SceneDelegate.swift */ = {isa = PBXFileReference; lastKnownFileType = sourcecode.swift; path = SceneDelegate.swift; sourceTree = "<group>"; };
		225469E523E3706C00BC79E0 /* ViewController.swift */ = {isa = PBXFileReference; lastKnownFileType = sourcecode.swift; path = ViewController.swift; sourceTree = "<group>"; };
		225469E823E3706C00BC79E0 /* Base */ = {isa = PBXFileReference; lastKnownFileType = file.storyboard; name = Base; path = Base.lproj/Main.storyboard; sourceTree = "<group>"; };
		225469EA23E3707200BC79E0 /* Assets.xcassets */ = {isa = PBXFileReference; lastKnownFileType = folder.assetcatalog; path = Assets.xcassets; sourceTree = "<group>"; };
		225469ED23E3707200BC79E0 /* Base */ = {isa = PBXFileReference; lastKnownFileType = file.storyboard; name = Base; path = Base.lproj/LaunchScreen.storyboard; sourceTree = "<group>"; };
		225469EF23E3707200BC79E0 /* Info.plist */ = {isa = PBXFileReference; lastKnownFileType = text.plist.xml; path = Info.plist; sourceTree = "<group>"; };
		225469F823E376F200BC79E0 /* SwiftPython.entitlements */ = {isa = PBXFileReference; lastKnownFileType = text.plist.entitlements; path = SwiftPython.entitlements; sourceTree = "<group>"; };
/* End PBXFileReference section */

/* Begin PBXFrameworksBuildPhase section */
		225469DB23E3706C00BC79E0 /* Frameworks */ = {
			isa = PBXFrameworksBuildPhase;
			buildActionMask = 2147483647;
			files = (
				225469F723E3736600BC79E0 /* PythonKit in Frameworks */,
			);
			runOnlyForDeploymentPostprocessing = 0;
		};
/* End PBXFrameworksBuildPhase section */

/* Begin PBXGroup section */
		225469D523E3706C00BC79E0 = {
			isa = PBXGroup;
			children = (
				225469E023E3706C00BC79E0 /* SwiftPython */,
				225469DF23E3706C00BC79E0 /* Products */,
			);
			sourceTree = "<group>";
		};
		225469DF23E3706C00BC79E0 /* Products */ = {
			isa = PBXGroup;
			children = (
				225469DE23E3706C00BC79E0 /* SwiftPython.app */,
			);
			name = Products;
			sourceTree = "<group>";
		};
		225469E023E3706C00BC79E0 /* SwiftPython */ = {
			isa = PBXGroup;
			children = (
				225469F823E376F200BC79E0 /* SwiftPython.entitlements */,
				225469E123E3706C00BC79E0 /* AppDelegate.swift */,
				225469E323E3706C00BC79E0 /* SceneDelegate.swift */,
				225469E523E3706C00BC79E0 /* ViewController.swift */,
				225469E723E3706C00BC79E0 /* Main.storyboard */,
				225469EA23E3707200BC79E0 /* Assets.xcassets */,
				225469EC23E3707200BC79E0 /* LaunchScreen.storyboard */,
				225469EF23E3707200BC79E0 /* Info.plist */,
			);
			path = SwiftPython;
			sourceTree = "<group>";
		};
/* End PBXGroup section */

/* Begin PBXNativeTarget section */
		225469DD23E3706C00BC79E0 /* SwiftPython */ = {
			isa = PBXNativeTarget;
			buildConfigurationList = 225469F223E3707200BC79E0 /* Build configuration list for PBXNativeTarget "SwiftPython" */;
			buildPhases = (
				225469DA23E3706C00BC79E0 /* Sources */,
				225469DB23E3706C00BC79E0 /* Frameworks */,
				225469DC23E3706C00BC79E0 /* Resources */,
			);
			buildRules = (
			);
			dependencies = (
			);
			name = SwiftPython;
			packageProductDependencies = (
				225469F623E3736600BC79E0 /* PythonKit */,
			);
			productName = SwiftPython;
			productReference = 225469DE23E3706C00BC79E0 /* SwiftPython.app */;
			productType = "com.apple.product-type.application";
		};
/* End PBXNativeTarget section */

/* Begin PBXProject section */
		225469D623E3706C00BC79E0 /* Project object */ = {
			isa = PBXProject;
			attributes = {
				LastSwiftUpdateCheck = 1130;
				LastUpgradeCheck = 1130;
				ORGANIZATIONNAME = "Rohit Saini";
				TargetAttributes = {
					225469DD23E3706C00BC79E0 = {
						CreatedOnToolsVersion = 11.3;
					};
				};
			};
			buildConfigurationList = 225469D923E3706C00BC79E0 /* Build configuration list for PBXProject "SwiftPython" */;
			compatibilityVersion = "Xcode 9.3";
			developmentRegion = en;
			hasScannedForEncodings = 0;
			knownRegions = (
				en,
				Base,
			);
			mainGroup = 225469D523E3706C00BC79E0;
			packageReferences = (
				225469F523E3736600BC79E0 /* XCRemoteSwiftPackageReference "PythonKit" */,
			);
			productRefGroup = 225469DF23E3706C00BC79E0 /* Products */;
			projectDirPath = "";
			projectRoot = "";
			targets = (
				225469DD23E3706C00BC79E0 /* SwiftPython */,
			);
		};
/* End PBXProject section */

/* Begin PBXResourcesBuildPhase section */
		225469DC23E3706C00BC79E0 /* Resources */ = {
			isa = PBXResourcesBuildPhase;
			buildActionMask = 2147483647;
			files = (
				225469EE23E3707200BC79E0 /* LaunchScreen.storyboard in Resources */,
				225469EB23E3707200BC79E0 /* Assets.xcassets in Resources */,
				225469E923E3706C00BC79E0 /* Main.storyboard in Resources */,
			);
			runOnlyForDeploymentPostprocessing = 0;
		};
/* End PBXResourcesBuildPhase section */

/* Begin PBXSourcesBuildPhase section */
		225469DA23E3706C00BC79E0 /* Sources */ = {
			isa = PBXSourcesBuildPhase;
			buildActionMask = 2147483647;
			files = (
				225469E623E3706C00BC79E0 /* ViewController.swift in Sources */,
				225469E223E3706C00BC79E0 /* AppDelegate.swift in Sources */,
				225469E423E3706C00BC79E0 /* SceneDelegate.swift in Sources */,
			);
			runOnlyForDeploymentPostprocessing = 0;
		};
/* End PBXSourcesBuildPhase section */

/* Begin PBXVariantGroup section */
		225469E723E3706C00BC79E0 /* Main.storyboard */ = {
			isa = PBXVariantGroup;
			children = (
				225469E823E3706C00BC79E0 /* Base */,
			);
			name = Main.storyboard;
			sourceTree = "<group>";
		};
		225469EC23E3707200BC79E0 /* LaunchScreen.storyboard */ = {
			isa = PBXVariantGroup;
			children = (
				225469ED23E3707200BC79E0 /* Base */,
			);
			name = LaunchScreen.storyboard;
			sourceTree = "<group>";
		};
/* End PBXVariantGroup section */

/* Begin XCBuildConfiguration section */
		225469F023E3707200BC79E0 /* Debug */ = {
			isa = XCBuildConfiguration;
			buildSettings = {
				ALWAYS_SEARCH_USER_PATHS = NO;
				CLANG_ANALYZER_NONNULL = YES;
				CLANG_ANALYZER_NUMBER_OBJECT_CONVERSION = YES_AGGRESSIVE;
				CLANG_CXX_LANGUAGE_STANDARD = "gnu++14";
				CLANG_CXX_LIBRARY = "libc++";
				CLANG_ENABLE_MODULES = YES;
				CLANG_ENABLE_OBJC_ARC = YES;
				CLANG_ENABLE_OBJC_WEAK = YES;
				CLANG_WARN_BLOCK_CAPTURE_AUTORELEASING = YES;
				CLANG_WARN_BOOL_CONVERSION = YES;
				CLANG_WARN_COMMA = YES;
				CLANG_WARN_CONSTANT_CONVERSION = YES;
				CLANG_WARN_DEPRECATED_OBJC_IMPLEMENTATIONS = YES;
				CLANG_WARN_DIRECT_OBJC_ISA_USAGE = YES_ERROR;
				CLANG_WARN_DOCUMENTATION_COMMENTS = YES;
				CLANG_WARN_EMPTY_BODY = YES;
				CLANG_WARN_ENUM_CONVERSION = YES;
				CLANG_WARN_INFINITE_RECURSION = YES;
				CLANG_WARN_INT_CONVERSION = YES;
				CLANG_WARN_NON_LITERAL_NULL_CONVERSION = YES;
				CLANG_WARN_OBJC_IMPLICIT_RETAIN_SELF = YES;
				CLANG_WARN_OBJC_LITERAL_CONVERSION = YES;
				CLANG_WARN_OBJC_ROOT_CLASS = YES_ERROR;
				CLANG_WARN_RANGE_LOOP_ANALYSIS = YES;
				CLANG_WARN_STRICT_PROTOTYPES = YES;
				CLANG_WARN_SUSPICIOUS_MOVE = YES;
				CLANG_WARN_UNGUARDED_AVAILABILITY = YES_AGGRESSIVE;
				CLANG_WARN_UNREACHABLE_CODE = YES;
				CLANG_WARN__DUPLICATE_METHOD_MATCH = YES;
				COPY_PHASE_STRIP = NO;
				DEBUG_INFORMATION_FORMAT = dwarf;
				ENABLE_STRICT_OBJC_MSGSEND = YES;
				ENABLE_TESTABILITY = YES;
				GCC_C_LANGUAGE_STANDARD = gnu11;
				GCC_DYNAMIC_NO_PIC = NO;
				GCC_NO_COMMON_BLOCKS = YES;
				GCC_OPTIMIZATION_LEVEL = 0;
				GCC_PREPROCESSOR_DEFINITIONS = (
					"DEBUG=1",
					"$(inherited)",
				);
				GCC_WARN_64_TO_32_BIT_CONVERSION = YES;
				GCC_WARN_ABOUT_RETURN_TYPE = YES_ERROR;
				GCC_WARN_UNDECLARED_SELECTOR = YES;
				GCC_WARN_UNINITIALIZED_AUTOS = YES_AGGRESSIVE;
				GCC_WARN_UNUSED_FUNCTION = YES;
				GCC_WARN_UNUSED_VARIABLE = YES;
				IPHONEOS_DEPLOYMENT_TARGET = 13.2;
				MTL_ENABLE_DEBUG_INFO = INCLUDE_SOURCE;
				MTL_FAST_MATH = YES;
				ONLY_ACTIVE_ARCH = YES;
				SDKROOT = iphoneos;
				SWIFT_ACTIVE_COMPILATION_CONDITIONS = DEBUG;
				SWIFT_OPTIMIZATION_LEVEL = "-Onone";
			};
			name = Debug;
		};
		225469F123E3707200BC79E0 /* Release */ = {
			isa = XCBuildConfiguration;
			buildSettings = {
				ALWAYS_SEARCH_USER_PATHS = NO;
				CLANG_ANALYZER_NONNULL = YES;
				CLANG_ANALYZER_NUMBER_OBJECT_CONVERSION = YES_AGGRESSIVE;
				CLANG_CXX_LANGUAGE_STANDARD = "gnu++14";
				CLANG_CXX_LIBRARY = "libc++";
				CLANG_ENABLE_MODULES = YES;
				CLANG_ENABLE_OBJC_ARC = YES;
				CLANG_ENABLE_OBJC_WEAK = YES;
				CLANG_WARN_BLOCK_CAPTURE_AUTORELEASING = YES;
				CLANG_WARN_BOOL_CONVERSION = YES;
				CLANG_WARN_COMMA = YES;
				CLANG_WARN_CONSTANT_CONVERSION = YES;
				CLANG_WARN_DEPRECATED_OBJC_IMPLEMENTATIONS = YES;
				CLANG_WARN_DIRECT_OBJC_ISA_USAGE = YES_ERROR;
				CLANG_WARN_DOCUMENTATION_COMMENTS = YES;
				CLANG_WARN_EMPTY_BODY = YES;
				CLANG_WARN_ENUM_CONVERSION = YES;
				CLANG_WARN_INFINITE_RECURSION = YES;
				CLANG_WARN_INT_CONVERSION = YES;
				CLANG_WARN_NON_LITERAL_NULL_CONVERSION = YES;
				CLANG_WARN_OBJC_IMPLICIT_RETAIN_SELF = YES;
				CLANG_WARN_OBJC_LITERAL_CONVERSION = YES;
				CLANG_WARN_OBJC_ROOT_CLASS = YES_ERROR;
				CLANG_WARN_RANGE_LOOP_ANALYSIS = YES;
				CLANG_WARN_STRICT_PROTOTYPES = YES;
				CLANG_WARN_SUSPICIOUS_MOVE = YES;
				CLANG_WARN_UNGUARDED_AVAILABILITY = YES_AGGRESSIVE;
				CLANG_WARN_UNREACHABLE_CODE = YES;
				CLANG_WARN__DUPLICATE_METHOD_MATCH = YES;
				COPY_PHASE_STRIP = NO;
				DEBUG_INFORMATION_FORMAT = "dwarf-with-dsym";
				ENABLE_NS_ASSERTIONS = NO;
				ENABLE_STRICT_OBJC_MSGSEND = YES;
				GCC_C_LANGUAGE_STANDARD = gnu11;
				GCC_NO_COMMON_BLOCKS = YES;
				GCC_WARN_64_TO_32_BIT_CONVERSION = YES;
				GCC_WARN_ABOUT_RETURN_TYPE = YES_ERROR;
				GCC_WARN_UNDECLARED_SELECTOR = YES;
				GCC_WARN_UNINITIALIZED_AUTOS = YES_AGGRESSIVE;
				GCC_WARN_UNUSED_FUNCTION = YES;
				GCC_WARN_UNUSED_VARIABLE = YES;
				IPHONEOS_DEPLOYMENT_TARGET = 13.2;
				MTL_ENABLE_DEBUG_INFO = NO;
				MTL_FAST_MATH = YES;
				SDKROOT = iphoneos;
				SWIFT_COMPILATION_MODE = wholemodule;
				SWIFT_OPTIMIZATION_LEVEL = "-O";
				VALIDATE_PRODUCT = YES;
			};
			name = Release;
		};
		225469F323E3707200BC79E0 /* Debug */ = {
			isa = XCBuildConfiguration;
			buildSettings = {
				ASSETCATALOG_COMPILER_APPICON_NAME = AppIcon;
				CODE_SIGN_ENTITLEMENTS = SwiftPython/SwiftPython.entitlements;
				CODE_SIGN_STYLE = Automatic;
				DEVELOPMENT_TEAM = 79Q9WFF2X8;
				INFOPLIST_FILE = SwiftPython/Info.plist;
				LD_RUNPATH_SEARCH_PATHS = (
					"$(inherited)",
					"@executable_path/Frameworks",
				);
				PRODUCT_BUNDLE_IDENTIFIER = com.app.SwiftPython;
				PRODUCT_NAME = "$(TARGET_NAME)";
				SWIFT_VERSION = 5.0;
				TARGETED_DEVICE_FAMILY = "1,2";
			};
			name = Debug;
		};
		225469F423E3707200BC79E0 /* Release */ = {
			isa = XCBuildConfiguration;
			buildSettings = {
				ASSETCATALOG_COMPILER_APPICON_NAME = AppIcon;
				CODE_SIGN_ENTITLEMENTS = SwiftPython/SwiftPython.entitlements;
				CODE_SIGN_STYLE = Automatic;
				DEVELOPMENT_TEAM = 79Q9WFF2X8;
				INFOPLIST_FILE = SwiftPython/Info.plist;
				LD_RUNPATH_SEARCH_PATHS = (
					"$(inherited)",
					"@executable_path/Frameworks",
				);
				PRODUCT_BUNDLE_IDENTIFIER = com.app.SwiftPython;
				PRODUCT_NAME = "$(TARGET_NAME)";
				SWIFT_VERSION = 5.0;
				TARGETED_DEVICE_FAMILY = "1,2";
			};
			name = Release;
		};
/* End XCBuildConfiguration section */

/* Begin XCConfigurationList section */
		225469D923E3706C00BC79E0 /* Build configuration list for PBXProject "SwiftPython" */ = {
			isa = XCConfigurationList;
			buildConfigurations = (
				225469F023E3707200BC79E0 /* Debug */,
				225469F123E3707200BC79E0 /* Release */,
			);
			defaultConfigurationIsVisible = 0;
			defaultConfigurationName = Release;
		};
		225469F223E3707200BC79E0 /* Build configuration list for PBXNativeTarget "SwiftPython" */ = {
			isa = XCConfigurationList;
			buildConfigurations = (
				225469F323E3707200BC79E0 /* Debug */,
				225469F423E3707200BC79E0 /* Release */,
			);
			defaultConfigurationIsVisible = 0;
			defaultConfigurationName = Release;
		};
/* End XCConfigurationList section */

/* Begin XCRemoteSwiftPackageReference section */
		225469F523E3736600BC79E0 /* XCRemoteSwiftPackageReference "PythonKit" */ = {
			isa = XCRemoteSwiftPackageReference;
			repositoryURL = "https://github.com/pvieito/PythonKit";
			requirement = {
				branch = master;
				kind = branch;
			};
		};
/* End XCRemoteSwiftPackageReference section */

/* Begin XCSwiftPackageProductDependency section */
		225469F623E3736600BC79E0 /* PythonKit */ = {
			isa = XCSwiftPackageProductDependency;
			package = 225469F523E3736600BC79E0 /* XCRemoteSwiftPackageReference "PythonKit" */;
			productName = PythonKit;
		};
/* End XCSwiftPackageProductDependency section */
	};
	rootObject = 225469D623E3706C00BC79E0 /* Project object */;
}
